
Microsoft Visual Studio Solution File, Format Version 12.00
# Visual Studio Version 17
VisualStudioVersion = 17.0.31912.275
MinimumVisualStudioVersion = 10.0.40219.1
Project("{FAE04EC0-301F-11D3-BF4B-00C04F79EFBC}") = "Snakeee", "Snakeee\Snakeee.csproj", "{100106E2-3F9E-4F55-9787-610CED1F386B}"
EndProject
Global
	GlobalSection(SolutionConfigurationPlatforms) = preSolution
		Debug|Any CPU = Debug|Any CPU
		Release|Any CPU = Release|Any CPU
	EndGlobalSection
	GlobalSection(ProjectConfigurationPlatforms) = postSolution
		{100106E2-3F9E-4F55-9787-610CED1F386B}.Debug|Any CPU.ActiveCfg = Debug|Any CPU
		{100106E2-3F9E-4F55-9787-610CED1F386B}.Debug|Any CPU.Build.0 = Debug|Any CPU
		{100106E2-3F9E-4F55-9787-610CED1F386B}.Release|Any CPU.ActiveCfg = Release|Any CPU
		{100106E2-3F9E-4F55-9787-610CED1F386B}.Release|Any CPU.Build.0 = Release|Any CPU
	EndGlobalSection
	GlobalSection(SolutionProperties) = preSolution
		HideSolutionNode = FALSE
	EndGlobalSection
	GlobalSection(ExtensibilityGlobals) = postSolution
		SolutionGuid = {24601C2A-9656-43C6-A055-743A80781F43}
	EndGlobalSection
EndGlobal
